
Microsoft Visual Studio Solution File, Format Version 12.00
# Visual Studio 15
Project("{FAE04EC0-301F-11D3-BF4B-00C04F79EFBC}") = "PersonalRecord", "PersonalRecord\PersonalRecord.csproj", "{A769DE1C-5737-4547-BFA4-A4A90DD640A7}"
EndProject
Project("{FAE04EC0-301F-11D3-BF4B-00C04F79EFBC}") = "PersonalRecordAPI", "PersonalRecordAPI\PersonalRecordAPI.csproj", "{9168767E-8584-4848-8A44-B1717325CAA4}"
EndProject
Project("{FAE04EC0-301F-11D3-BF4B-00C04F79EFBC}") = "PersonalRecordTest", "PersonalRecordTest\PersonalRecordTest.csproj", "{AC5285E5-E3D8-4296-825F-058BB971D718}"
EndProject
Project("{FAE04EC0-301F-11D3-BF4B-00C04F79EFBC}") = "PersonalRecordAPITest", "PersonalRecordAPITest\PersonalRecordAPITest.csproj", "{2873166B-7896-4892-AC9D-B891B1FE76D7}"
EndProject
Global
	GlobalSection(SolutionConfigurationPlatforms) = preSolution
		Debug|Any CPU = Debug|Any CPU
		Release|Any CPU = Release|Any CPU
	EndGlobalSection
	GlobalSection(ProjectConfigurationPlatforms) = postSolution
		{A769DE1C-5737-4547-BFA4-A4A90DD640A7}.Debug|Any CPU.ActiveCfg = Debug|Any CPU
		{A769DE1C-5737-4547-BFA4-A4A90DD640A7}.Debug|Any CPU.Build.0 = Debug|Any CPU
		{A769DE1C-5737-4547-BFA4-A4A90DD640A7}.Release|Any CPU.ActiveCfg = Release|Any CPU
		{A769DE1C-5737-4547-BFA4-A4A90DD640A7}.Release|Any CPU.Build.0 = Release|Any CPU
		{9168767E-8584-4848-8A44-B1717325CAA4}.Debug|Any CPU.ActiveCfg = Debug|Any CPU
		{9168767E-8584-4848-8A44-B1717325CAA4}.Debug|Any CPU.Build.0 = Debug|Any CPU
		{9168767E-8584-4848-8A44-B1717325CAA4}.Release|Any CPU.ActiveCfg = Release|Any CPU
		{9168767E-8584-4848-8A44-B1717325CAA4}.Release|Any CPU.Build.0 = Release|Any CPU
		{AC5285E5-E3D8-4296-825F-058BB971D718}.Debug|Any CPU.ActiveCfg = Debug|Any CPU
		{AC5285E5-E3D8-4296-825F-058BB971D718}.Debug|Any CPU.Build.0 = Debug|Any CPU
		{AC5285E5-E3D8-4296-825F-058BB971D718}.Release|Any CPU.ActiveCfg = Release|Any CPU
		{AC5285E5-E3D8-4296-825F-058BB971D718}.Release|Any CPU.Build.0 = Release|Any CPU
		{2873166B-7896-4892-AC9D-B891B1FE76D7}.Debug|Any CPU.ActiveCfg = Debug|Any CPU
		{2873166B-7896-4892-AC9D-B891B1FE76D7}.Debug|Any CPU.Build.0 = Debug|Any CPU
		{2873166B-7896-4892-AC9D-B891B1FE76D7}.Release|Any CPU.ActiveCfg = Release|Any CPU
		{2873166B-7896-4892-AC9D-B891B1FE76D7}.Release|Any CPU.Build.0 = Release|Any CPU
	EndGlobalSection
EndGlobal
